
Microsoft Visual Studio Solution File, Format Version 12.00
# Visual Studio Version 16
VisualStudioVersion = 16.0.31829.152
MinimumVisualStudioVersion = 10.0.40219.1
Project("{FAE04EC0-301F-11D3-BF4B-00C04F79EFBC}") = "Book", "Book.csproj", "{27C8A8CE-3A06-412E-92B1-C20DD695626C}"
EndProject
Global
	GlobalSection(SolutionConfigurationPlatforms) = preSolution
		Debug|Any CPU = Debug|Any CPU
		Release|Any CPU = Release|Any CPU
	EndGlobalSection
	GlobalSection(ProjectConfigurationPlatforms) = postSolution
		{27C8A8CE-3A06-412E-92B1-C20DD695626C}.Debug|Any CPU.ActiveCfg = Debug|Any CPU
		{27C8A8CE-3A06-412E-92B1-C20DD695626C}.Debug|Any CPU.Build.0 = Debug|Any CPU
		{27C8A8CE-3A06-412E-92B1-C20DD695626C}.Release|Any CPU.ActiveCfg = Release|Any CPU
		{27C8A8CE-3A06-412E-92B1-C20DD695626C}.Release|Any CPU.Build.0 = Release|Any CPU
	EndGlobalSection
	GlobalSection(SolutionProperties) = preSolution
		HideSolutionNode = FALSE
	EndGlobalSection
	GlobalSection(ExtensibilityGlobals) = postSolution
		SolutionGuid = {0740EEE6-2DC6-4820-AFFD-F4CF5F5675A7}
	EndGlobalSection
EndGlobal
